// !$*UTF8*$!
{
	archiveVersion = 1;
	classes = {
	};
	objectVersion = 46;
	objects = {

/* Begin PBXBuildFile section */
		64B21B151B4239DA00D320C3 /* AppDelegate.swift in Sources */ = {isa = PBXBuildFile; fileRef = 64B21B141B4239DA00D320C3 /* AppDelegate.swift */; };
		64B21B171B4239DA00D320C3 /* ViewController.swift in Sources */ = {isa = PBXBuildFile; fileRef = 64B21B161B4239DA00D320C3 /* ViewController.swift */; };
		64B21B1A1B4239DA00D320C3 /* Main.storyboard in Resources */ = {isa = PBXBuildFile; fileRef = 64B21B181B4239DA00D320C3 /* Main.storyboard */; };
		64B21B1C1B4239DA00D320C3 /* Images.xcassets in Resources */ = {isa = PBXBuildFile; fileRef = 64B21B1B1B4239DA00D320C3 /* Images.xcassets */; };
		64B21B1F1B4239DA00D320C3 /* LaunchScreen.xib in Resources */ = {isa = PBXBuildFile; fileRef = 64B21B1D1B4239DA00D320C3 /* LaunchScreen.xib */; };
		64B21B2B1B4239DA00D320C3 /* swift_csj2048Tests.swift in Sources */ = {isa = PBXBuildFile; fileRef = 64B21B2A1B4239DA00D320C3 /* swift_csj2048Tests.swift */; };
		64B21B361B423A2500D320C3 /* GridView.swift in Sources */ = {isa = PBXBuildFile; fileRef = 64B21B351B423A2500D320C3 /* GridView.swift */; };
		64B21B391B4295D600D320C3 /* GridsView.swift in Sources */ = {isa = PBXBuildFile; fileRef = 64B21B381B4295D600D320C3 /* GridsView.swift */; };
		64B21B3C1B42BAC500D320C3 /* GridModel.swift in Sources */ = {isa = PBXBuildFile; fileRef = 64B21B3B1B42BAC500D320C3 /* GridModel.swift */; };
/* End PBXBuildFile section */

/* Begin PBXContainerItemProxy section */
		64B21B251B4239DA00D320C3 /* PBXContainerItemProxy */ = {
			isa = PBXContainerItemProxy;
			containerPortal = 64B21B071B4239DA00D320C3 /* Project object */;
			proxyType = 1;
			remoteGlobalIDString = 64B21B0E1B4239DA00D320C3;
			remoteInfo = "swift-csj2048";
		};
/* End PBXContainerItemProxy section */

/* Begin PBXFileReference section */
		64B21B0F1B4239DA00D320C3 /* swift-csj2048.app */ = {isa = PBXFileReference; explicitFileType = wrapper.application; includeInIndex = 0; path = "swift-csj2048.app"; sourceTree = BUILT_PRODUCTS_DIR; };
		64B21B131B4239DA00D320C3 /* Info.plist */ = {isa = PBXFileReference; lastKnownFileType = text.plist.xml; path = Info.plist; sourceTree = "<group>"; };
		64B21B141B4239DA00D320C3 /* AppDelegate.swift */ = {isa = PBXFileReference; lastKnownFileType = sourcecode.swift; path = AppDelegate.swift; sourceTree = "<group>"; };
		64B21B161B4239DA00D320C3 /* ViewController.swift */ = {isa = PBXFileReference; lastKnownFileType = sourcecode.swift; name = ViewController.swift; path = "swift-csj2048/ViewController.swift"; sourceTree = "<group>"; };
		64B21B191B4239DA00D320C3 /* Base */ = {isa = PBXFileReference; lastKnownFileType = file.storyboard; name = Base; path = Base.lproj/Main.storyboard; sourceTree = "<group>"; };
		64B21B1B1B4239DA00D320C3 /* Images.xcassets */ = {isa = PBXFileReference; lastKnownFileType = folder.assetcatalog; path = Images.xcassets; sourceTree = "<group>"; };
		64B21B1E1B4239DA00D320C3 /* Base */ = {isa = PBXFileReference; lastKnownFileType = file.xib; name = Base; path = Base.lproj/LaunchScreen.xib; sourceTree = "<group>"; };
		64B21B241B4239DA00D320C3 /* swift-csj2048Tests.xctest */ = {isa = PBXFileReference; explicitFileType = wrapper.cfbundle; includeInIndex = 0; path = "swift-csj2048Tests.xctest"; sourceTree = BUILT_PRODUCTS_DIR; };
		64B21B291B4239DA00D320C3 /* Info.plist */ = {isa = PBXFileReference; lastKnownFileType = text.plist.xml; path = Info.plist; sourceTree = "<group>"; };
		64B21B2A1B4239DA00D320C3 /* swift_csj2048Tests.swift */ = {isa = PBXFileReference; lastKnownFileType = sourcecode.swift; path = swift_csj2048Tests.swift; sourceTree = "<group>"; };
		64B21B351B423A2500D320C3 /* GridView.swift */ = {isa = PBXFileReference; fileEncoding = 4; lastKnownFileType = sourcecode.swift; path = GridView.swift; sourceTree = "<group>"; };
		64B21B381B4295D600D320C3 /* GridsView.swift */ = {isa = PBXFileReference; fileEncoding = 4; lastKnownFileType = sourcecode.swift; path = GridsView.swift; sourceTree = "<group>"; };
		64B21B3B1B42BAC500D320C3 /* GridModel.swift */ = {isa = PBXFileReference; fileEncoding = 4; lastKnownFileType = sourcecode.swift; path = GridModel.swift; sourceTree = "<group>"; };
/* End PBXFileReference section */

/* Begin PBXFrameworksBuildPhase section */
		64B21B0C1B4239DA00D320C3 /* Frameworks */ = {
			isa = PBXFrameworksBuildPhase;
			buildActionMask = 2147483647;
			files = (
			);
			runOnlyForDeploymentPostprocessing = 0;
		};
		64B21B211B4239DA00D320C3 /* Frameworks */ = {
			isa = PBXFrameworksBuildPhase;
			buildActionMask = 2147483647;
			files = (
			);
			runOnlyForDeploymentPostprocessing = 0;
		};
/* End PBXFrameworksBuildPhase section */

/* Begin PBXGroup section */
		64B21B061B4239DA00D320C3 = {
			isa = PBXGroup;
			children = (
				64D3754B1B497CC100085483 /* controller */,
				64B21B3A1B42BAA200D320C3 /* view */,
				64B21B341B4239E500D320C3 /* model */,
				64B21B111B4239DA00D320C3 /* swift-csj2048 */,
				64B21B271B4239DA00D320C3 /* swift-csj2048Tests */,
				64B21B101B4239DA00D320C3 /* Products */,
			);
			sourceTree = "<group>";
		};
		64B21B101B4239DA00D320C3 /* Products */ = {
			isa = PBXGroup;
			children = (
				64B21B0F1B4239DA00D320C3 /* swift-csj2048.app */,
				64B21B241B4239DA00D320C3 /* swift-csj2048Tests.xctest */,
			);
			name = Products;
			sourceTree = "<group>";
		};
		64B21B111B4239DA00D320C3 /* swift-csj2048 */ = {
			isa = PBXGroup;
			children = (
				64B21B141B4239DA00D320C3 /* AppDelegate.swift */,
				64B21B181B4239DA00D320C3 /* Main.storyboard */,
				64B21B1B1B4239DA00D320C3 /* Images.xcassets */,
				64B21B1D1B4239DA00D320C3 /* LaunchScreen.xib */,
				64B21B121B4239DA00D320C3 /* Supporting Files */,
			);
			path = "swift-csj2048";
			sourceTree = "<group>";
		};
		64B21B121B4239DA00D320C3 /* Supporting Files */ = {
			isa = PBXGroup;
			children = (
				64B21B131B4239DA00D320C3 /* Info.plist */,
			);
			name = "Supporting Files";
			sourceTree = "<group>";
		};
		64B21B271B4239DA00D320C3 /* swift-csj2048Tests */ = {
			isa = PBXGroup;
			children = (
				64B21B2A1B4239DA00D320C3 /* swift_csj2048Tests.swift */,
				64B21B281B4239DA00D320C3 /* Supporting Files */,
			);
			path = "swift-csj2048Tests";
			sourceTree = "<group>";
		};
		64B21B281B4239DA00D320C3 /* Supporting Files */ = {
			isa = PBXGroup;
			children = (
				64B21B291B4239DA00D320C3 /* Info.plist */,
			);
			name = "Supporting Files";
			sourceTree = "<group>";
		};
		64B21B341B4239E500D320C3 /* model */ = {
			isa = PBXGroup;
			children = (
				64B21B3B1B42BAC500D320C3 /* GridModel.swift */,
			);
			name = model;
			sourceTree = "<group>";
		};
		64B21B3A1B42BAA200D320C3 /* view */ = {
			isa = PBXGroup;
			children = (
				64B21B351B423A2500D320C3 /* GridView.swift */,
				64B21B381B4295D600D320C3 /* GridsView.swift */,
			);
			name = view;
			sourceTree = "<group>";
		};
		64D3754B1B497CC100085483 /* controller */ = {
			isa = PBXGroup;
			children = (
				64B21B161B4239DA00D320C3 /* ViewController.swift */,
			);
			name = controller;
			sourceTree = "<group>";
		};
/* End PBXGroup section */

/* Begin PBXNativeTarget section */
		64B21B0E1B4239DA00D320C3 /* swift-csj2048 */ = {
			isa = PBXNativeTarget;
			buildConfigurationList = 64B21B2E1B4239DA00D320C3 /* Build configuration list for PBXNativeTarget "swift-csj2048" */;
			buildPhases = (
				64B21B0B1B4239DA00D320C3 /* Sources */,
				64B21B0C1B4239DA00D320C3 /* Frameworks */,
				64B21B0D1B4239DA00D320C3 /* Resources */,
			);
			buildRules = (
			);
			dependencies = (
			);
			name = "swift-csj2048";
			productName = "swift-csj2048";
			productReference = 64B21B0F1B4239DA00D320C3 /* swift-csj2048.app */;
			productType = "com.apple.product-type.application";
		};
		64B21B231B4239DA00D320C3 /* swift-csj2048Tests */ = {
			isa = PBXNativeTarget;
			buildConfigurationList = 64B21B311B4239DA00D320C3 /* Build configuration list for PBXNativeTarget "swift-csj2048Tests" */;
			buildPhases = (
				64B21B201B4239DA00D320C3 /* Sources */,
				64B21B211B4239DA00D320C3 /* Frameworks */,
				64B21B221B4239DA00D320C3 /* Resources */,
			);
			buildRules = (
			);
			dependencies = (
				64B21B261B4239DA00D320C3 /* PBXTargetDependency */,
			);
			name = "swift-csj2048Tests";
			productName = "swift-csj2048Tests";
			productReference = 64B21B241B4239DA00D320C3 /* swift-csj2048Tests.xctest */;
			productType = "com.apple.product-type.bundle.unit-test";
		};
/* End PBXNativeTarget section */

/* Begin PBXProject section */
		64B21B071B4239DA00D320C3 /* Project object */ = {
			isa = PBXProject;
			attributes = {
				LastUpgradeCheck = 0630;
				ORGANIZATIONNAME = csj;
				TargetAttributes = {
					64B21B0E1B4239DA00D320C3 = {
						CreatedOnToolsVersion = 6.3.2;
					};
					64B21B231B4239DA00D320C3 = {
						CreatedOnToolsVersion = 6.3.2;
						TestTargetID = 64B21B0E1B4239DA00D320C3;
					};
				};
			};
			buildConfigurationList = 64B21B0A1B4239DA00D320C3 /* Build configuration list for PBXProject "swift-csj2048" */;
			compatibilityVersion = "Xcode 3.2";
			developmentRegion = English;
			hasScannedForEncodings = 0;
			knownRegions = (
				en,
				Base,
			);
			mainGroup = 64B21B061B4239DA00D320C3;
			productRefGroup = 64B21B101B4239DA00D320C3 /* Products */;
			projectDirPath = "";
			projectRoot = "";
			targets = (
				64B21B0E1B4239DA00D320C3 /* swift-csj2048 */,
				64B21B231B4239DA00D320C3 /* swift-csj2048Tests */,
			);
		};
/* End PBXProject section */

/* Begin PBXResourcesBuildPhase section */
		64B21B0D1B4239DA00D320C3 /* Resources */ = {
			isa = PBXResourcesBuildPhase;
			buildActionMask = 2147483647;
			files = (
				64B21B1A1B4239DA00D320C3 /* Main.storyboard in Resources */,
				64B21B1F1B4239DA00D320C3 /* LaunchScreen.xib in Resources */,
				64B21B1C1B4239DA00D320C3 /* Images.xcassets in Resources */,
			);
			runOnlyForDeploymentPostprocessing = 0;
		};
		64B21B221B4239DA00D320C3 /* Resources */ = {
			isa = PBXResourcesBuildPhase;
			buildActionMask = 2147483647;
			files = (
			);
			runOnlyForDeploymentPostprocessing = 0;
		};
/* End PBXResourcesBuildPhase section */

/* Begin PBXSourcesBuildPhase section */
		64B21B0B1B4239DA00D320C3 /* Sources */ = {
			isa = PBXSourcesBuildPhase;
			buildActionMask = 2147483647;
			files = (
				64B21B3C1B42BAC500D320C3 /* GridModel.swift in Sources */,
				64B21B171B4239DA00D320C3 /* ViewController.swift in Sources */,
				64B21B151B4239DA00D320C3 /* AppDelegate.swift in Sources */,
				64B21B391B4295D600D320C3 /* GridsView.swift in Sources */,
				64B21B361B423A2500D320C3 /* GridView.swift in Sources */,
			);
			runOnlyForDeploymentPostprocessing = 0;
		};
		64B21B201B4239DA00D320C3 /* Sources */ = {
			isa = PBXSourcesBuildPhase;
			buildActionMask = 2147483647;
			files = (
				64B21B2B1B4239DA00D320C3 /* swift_csj2048Tests.swift in Sources */,
			);
			runOnlyForDeploymentPostprocessing = 0;
		};
/* End PBXSourcesBuildPhase section */

/* Begin PBXTargetDependency section */
		64B21B261B4239DA00D320C3 /* PBXTargetDependency */ = {
			isa = PBXTargetDependency;
			target = 64B21B0E1B4239DA00D320C3 /* swift-csj2048 */;
			targetProxy = 64B21B251B4239DA00D320C3 /* PBXContainerItemProxy */;
		};
/* End PBXTargetDependency section */

/* Begin PBXVariantGroup section */
		64B21B181B4239DA00D320C3 /* Main.storyboard */ = {
			isa = PBXVariantGroup;
			children = (
				64B21B191B4239DA00D320C3 /* Base */,
			);
			name = Main.storyboard;
			sourceTree = "<group>";
		};
		64B21B1D1B4239DA00D320C3 /* LaunchScreen.xib */ = {
			isa = PBXVariantGroup;
			children = (
				64B21B1E1B4239DA00D320C3 /* Base */,
			);
			name = LaunchScreen.xib;
			sourceTree = "<group>";
		};
/* End PBXVariantGroup section */

/* Begin XCBuildConfiguration section */
		64B21B2C1B4239DA00D320C3 /* Debug */ = {
			isa = XCBuildConfiguration;
			buildSettings = {
				ALWAYS_SEARCH_USER_PATHS = NO;
				CLANG_CXX_LANGUAGE_STANDARD = "gnu++0x";
				CLANG_CXX_LIBRARY = "libc++";
				CLANG_ENABLE_MODULES = YES;
				CLANG_ENABLE_OBJC_ARC = YES;
				CLANG_WARN_BOOL_CONVERSION = YES;
				CLANG_WARN_CONSTANT_CONVERSION = YES;
				CLANG_WARN_DIRECT_OBJC_ISA_USAGE = YES_ERROR;
				CLANG_WARN_EMPTY_BODY = YES;
				CLANG_WARN_ENUM_CONVERSION = YES;
				CLANG_WARN_INT_CONVERSION = YES;
				CLANG_WARN_OBJC_ROOT_CLASS = YES_ERROR;
				CLANG_WARN_UNREACHABLE_CODE = YES;
				CLANG_WARN__DUPLICATE_METHOD_MATCH = YES;
				"CODE_SIGN_IDENTITY[sdk=iphoneos*]" = "iPhone Developer";
				COPY_PHASE_STRIP = NO;
				DEBUG_INFORMATION_FORMAT = "dwarf-with-dsym";
				ENABLE_STRICT_OBJC_MSGSEND = YES;
				GCC_C_LANGUAGE_STANDARD = gnu99;
				GCC_DYNAMIC_NO_PIC = NO;
				GCC_NO_COMMON_BLOCKS = YES;
				GCC_OPTIMIZATION_LEVEL = 0;
				GCC_PREPROCESSOR_DEFINITIONS = (
					"DEBUG=1",
					"$(inherited)",
				);
				GCC_SYMBOLS_PRIVATE_EXTERN = NO;
				GCC_WARN_64_TO_32_BIT_CONVERSION = YES;
				GCC_WARN_ABOUT_RETURN_TYPE = YES_ERROR;
				GCC_WARN_UNDECLARED_SELECTOR = YES;
				GCC_WARN_UNINITIALIZED_AUTOS = YES_AGGRESSIVE;
				GCC_WARN_UNUSED_FUNCTION = YES;
				GCC_WARN_UNUSED_VARIABLE = YES;
				IPHONEOS_DEPLOYMENT_TARGET = 8.3;
				MTL_ENABLE_DEBUG_INFO = YES;
				ONLY_ACTIVE_ARCH = YES;
				SDKROOT = iphoneos;
				SWIFT_OPTIMIZATION_LEVEL = "-Onone";
			};
			name = Debug;
		};
		64B21B2D1B4239DA00D320C3 /* Release */ = {
			isa = XCBuildConfiguration;
			buildSettings = {
				ALWAYS_SEARCH_USER_PATHS = NO;
				CLANG_CXX_LANGUAGE_STANDARD = "gnu++0x";
				CLANG_CXX_LIBRARY = "libc++";
				CLANG_ENABLE_MODULES = YES;
				CLANG_ENABLE_OBJC_ARC = YES;
				CLANG_WARN_BOOL_CONVERSION = YES;
				CLANG_WARN_CONSTANT_CONVERSION = YES;
				CLANG_WARN_DIRECT_OBJC_ISA_USAGE = YES_ERROR;
				CLANG_WARN_EMPTY_BODY = YES;
				CLANG_WARN_ENUM_CONVERSION = YES;
				CLANG_WARN_INT_CONVERSION = YES;
				CLANG_WARN_OBJC_ROOT_CLASS = YES_ERROR;
				CLANG_WARN_UNREACHABLE_CODE = YES;
				CLANG_WARN__DUPLICATE_METHOD_MATCH = YES;
				"CODE_SIGN_IDENTITY[sdk=iphoneos*]" = "iPhone Developer";
				COPY_PHASE_STRIP = NO;
				DEBUG_INFORMATION_FORMAT = "dwarf-with-dsym";
				ENABLE_NS_ASSERTIONS = NO;
				ENABLE_STRICT_OBJC_MSGSEND = YES;
				GCC_C_LANGUAGE_STANDARD = gnu99;
				GCC_NO_COMMON_BLOCKS = YES;
				GCC_WARN_64_TO_32_BIT_CONVERSION = YES;
				GCC_WARN_ABOUT_RETURN_TYPE = YES_ERROR;
				GCC_WARN_UNDECLARED_SELECTOR = YES;
				GCC_WARN_UNINITIALIZED_AUTOS = YES_AGGRESSIVE;
				GCC_WARN_UNUSED_FUNCTION = YES;
				GCC_WARN_UNUSED_VARIABLE = YES;
				IPHONEOS_DEPLOYMENT_TARGET = 8.3;
				MTL_ENABLE_DEBUG_INFO = NO;
				SDKROOT = iphoneos;
				VALIDATE_PRODUCT = YES;
			};
			name = Release;
		};
		64B21B2F1B4239DA00D320C3 /* Debug */ = {
			isa = XCBuildConfiguration;
			buildSettings = {
				ASSETCATALOG_COMPILER_APPICON_NAME = AppIcon;
				INFOPLIST_FILE = "swift-csj2048/Info.plist";
				LD_RUNPATH_SEARCH_PATHS = "$(inherited) @executable_path/Frameworks";
				PRODUCT_NAME = "$(TARGET_NAME)";
			};
			name = Debug;
		};
		64B21B301B4239DA00D320C3 /* Release */ = {
			isa = XCBuildConfiguration;
			buildSettings = {
				ASSETCATALOG_COMPILER_APPICON_NAME = AppIcon;
				INFOPLIST_FILE = "swift-csj2048/Info.plist";
				LD_RUNPATH_SEARCH_PATHS = "$(inherited) @executable_path/Frameworks";
				PRODUCT_NAME = "$(TARGET_NAME)";
			};
			name = Release;
		};
		64B21B321B4239DA00D320C3 /* Debug */ = {
			isa = XCBuildConfiguration;
			buildSettings = {
				BUNDLE_LOADER = "$(TEST_HOST)";
				FRAMEWORK_SEARCH_PATHS = (
					"$(SDKROOT)/Developer/Library/Frameworks",
					"$(inherited)",
				);
				GCC_PREPROCESSOR_DEFINITIONS = (
					"DEBUG=1",
					"$(inherited)",
				);
				INFOPLIST_FILE = "swift-csj2048Tests/Info.plist";
				LD_RUNPATH_SEARCH_PATHS = "$(inherited) @executable_path/Frameworks @loader_path/Frameworks";
				PRODUCT_NAME = "$(TARGET_NAME)";
				TEST_HOST = "$(BUILT_PRODUCTS_DIR)/swift-csj2048.app/swift-csj2048";
			};
			name = Debug;
		};
		64B21B331B4239DA00D320C3 /* Release */ = {
			isa = XCBuildConfiguration;
			buildSettings = {
				BUNDLE_LOADER = "$(TEST_HOST)";
				FRAMEWORK_SEARCH_PATHS = (
					"$(SDKROOT)/Developer/Library/Frameworks",
					"$(inherited)",
				);
				INFOPLIST_FILE = "swift-csj2048Tests/Info.plist";
				LD_RUNPATH_SEARCH_PATHS = "$(inherited) @executable_path/Frameworks @loader_path/Frameworks";
				PRODUCT_NAME = "$(TARGET_NAME)";
				TEST_HOST = "$(BUILT_PRODUCTS_DIR)/swift-csj2048.app/swift-csj2048";
			};
			name = Release;
		};
/* End XCBuildConfiguration section */

/* Begin XCConfigurationList section */
		64B21B0A1B4239DA00D320C3 /* Build configuration list for PBXProject "swift-csj2048" */ = {
			isa = XCConfigurationList;
			buildConfigurations = (
				64B21B2C1B4239DA00D320C3 /* Debug */,
				64B21B2D1B4239DA00D320C3 /* Release */,
			);
			defaultConfigurationIsVisible = 0;
			defaultConfigurationName = Release;
		};
		64B21B2E1B4239DA00D320C3 /* Build configuration list for PBXNativeTarget "swift-csj2048" */ = {
			isa = XCConfigurationList;
			buildConfigurations = (
				64B21B2F1B4239DA00D320C3 /* Debug */,
				64B21B301B4239DA00D320C3 /* Release */,
			);
			defaultConfigurationIsVisible = 0;
			defaultConfigurationName = Release;
		};
		64B21B311B4239DA00D320C3 /* Build configuration list for PBXNativeTarget "swift-csj2048Tests" */ = {
			isa = XCConfigurationList;
			buildConfigurations = (
				64B21B321B4239DA00D320C3 /* Debug */,
				64B21B331B4239DA00D320C3 /* Release */,
			);
			defaultConfigurationIsVisible = 0;
			defaultConfigurationName = Release;
		};
/* End XCConfigurationList section */
	};
	rootObject = 64B21B071B4239DA00D320C3 /* Project object */;
}
